// !$*UTF8*$!
{
	archiveVersion = 1;
	classes = {
	};
	objectVersion = 50;
	objects = {

/* Begin PBXBuildFile section */
		A5380DA8220A027200BAD709 /* AppDelegate.swift in Sources */ = {isa = PBXBuildFile; fileRef = A5380DA7220A027200BAD709 /* AppDelegate.swift */; };
		A5380DAA220A027200BAD709 /* CategoriesViewController.swift in Sources */ = {isa = PBXBuildFile; fileRef = A5380DA9220A027200BAD709 /* CategoriesViewController.swift */; };
		A5380DAD220A027200BAD709 /* Main.storyboard in Resources */ = {isa = PBXBuildFile; fileRef = A5380DAB220A027200BAD709 /* Main.storyboard */; };
		A5380DAF220A027300BAD709 /* Assets.xcassets in Resources */ = {isa = PBXBuildFile; fileRef = A5380DAE220A027300BAD709 /* Assets.xcassets */; };
		A5380DB2220A027300BAD709 /* LaunchScreen.storyboard in Resources */ = {isa = PBXBuildFile; fileRef = A5380DB0220A027300BAD709 /* LaunchScreen.storyboard */; };
		A5380DBD220A090C00BAD709 /* CategoryCell.swift in Sources */ = {isa = PBXBuildFile; fileRef = A5380DBC220A090C00BAD709 /* CategoryCell.swift */; };
		A5380DC0220A0CB000BAD709 /* Category.swift in Sources */ = {isa = PBXBuildFile; fileRef = A5380DBF220A0CB000BAD709 /* Category.swift */; };
		A5380DC3220A0ED500BAD709 /* DataService.swift in Sources */ = {isa = PBXBuildFile; fileRef = A5380DC2220A0ED500BAD709 /* DataService.swift */; };
		A55F267D220F5682006685CF /* ProductCell.swift in Sources */ = {isa = PBXBuildFile; fileRef = A55F267C220F5682006685CF /* ProductCell.swift */; };
/* End PBXBuildFile section */

/* Begin PBXFileReference section */
		A5380DA4220A027200BAD709 /* coder-swag.app */ = {isa = PBXFileReference; explicitFileType = wrapper.application; includeInIndex = 0; path = "coder-swag.app"; sourceTree = BUILT_PRODUCTS_DIR; };
		A5380DA7220A027200BAD709 /* AppDelegate.swift */ = {isa = PBXFileReference; lastKnownFileType = sourcecode.swift; path = AppDelegate.swift; sourceTree = "<group>"; };
		A5380DA9220A027200BAD709 /* CategoriesViewController.swift */ = {isa = PBXFileReference; lastKnownFileType = sourcecode.swift; path = CategoriesViewController.swift; sourceTree = "<group>"; };
		A5380DAC220A027200BAD709 /* Base */ = {isa = PBXFileReference; lastKnownFileType = file.storyboard; name = Base; path = Base.lproj/Main.storyboard; sourceTree = "<group>"; };
		A5380DAE220A027300BAD709 /* Assets.xcassets */ = {isa = PBXFileReference; lastKnownFileType = folder.assetcatalog; path = Assets.xcassets; sourceTree = "<group>"; };
		A5380DB1220A027300BAD709 /* Base */ = {isa = PBXFileReference; lastKnownFileType = file.storyboard; name = Base; path = Base.lproj/LaunchScreen.storyboard; sourceTree = "<group>"; };
		A5380DB3220A027300BAD709 /* Info.plist */ = {isa = PBXFileReference; lastKnownFileType = text.plist.xml; path = Info.plist; sourceTree = "<group>"; };
		A5380DBC220A090C00BAD709 /* CategoryCell.swift */ = {isa = PBXFileReference; lastKnownFileType = sourcecode.swift; path = CategoryCell.swift; sourceTree = "<group>"; };
		A5380DBF220A0CB000BAD709 /* Category.swift */ = {isa = PBXFileReference; lastKnownFileType = sourcecode.swift; path = Category.swift; sourceTree = "<group>"; };
		A5380DC2220A0ED500BAD709 /* DataService.swift */ = {isa = PBXFileReference; lastKnownFileType = sourcecode.swift; path = DataService.swift; sourceTree = "<group>"; };
		A55F267C220F5682006685CF /* ProductCell.swift */ = {isa = PBXFileReference; lastKnownFileType = sourcecode.swift; path = ProductCell.swift; sourceTree = "<group>"; };
/* End PBXFileReference section */

/* Begin PBXFrameworksBuildPhase section */
		A5380DA1220A027100BAD709 /* Frameworks */ = {
			isa = PBXFrameworksBuildPhase;
			buildActionMask = 2147483647;
			files = (
			);
			runOnlyForDeploymentPostprocessing = 0;
		};
/* End PBXFrameworksBuildPhase section */

/* Begin PBXGroup section */
		A5380D9B220A027100BAD709 = {
			isa = PBXGroup;
			children = (
				A5380DA6220A027200BAD709 /* coder-swag */,
				A5380DA5220A027200BAD709 /* Products */,
			);
			sourceTree = "<group>";
		};
		A5380DA5220A027200BAD709 /* Products */ = {
			isa = PBXGroup;
			children = (
				A5380DA4220A027200BAD709 /* coder-swag.app */,
			);
			name = Products;
			sourceTree = "<group>";
		};
		A5380DA6220A027200BAD709 /* coder-swag */ = {
			isa = PBXGroup;
			children = (
				A5380DC1220A0EC000BAD709 /* Services */,
				A5380DB9220A088D00BAD709 /* Model */,
				A5380DBB220A089E00BAD709 /* Controller */,
				A5380DBA220A089400BAD709 /* View */,
				A5380DA7220A027200BAD709 /* AppDelegate.swift */,
				A5380DAB220A027200BAD709 /* Main.storyboard */,
				A5380DAE220A027300BAD709 /* Assets.xcassets */,
				A5380DB0220A027300BAD709 /* LaunchScreen.storyboard */,
				A5380DB3220A027300BAD709 /* Info.plist */,
			);
			path = "coder-swag";
			sourceTree = "<group>";
		};
		A5380DB9220A088D00BAD709 /* Model */ = {
			isa = PBXGroup;
			children = (
				A5380DBF220A0CB000BAD709 /* Category.swift */,
			);
			path = Model;
			sourceTree = "<group>";
		};
		A5380DBA220A089400BAD709 /* View */ = {
			isa = PBXGroup;
			children = (
				A5380DBC220A090C00BAD709 /* CategoryCell.swift */,
				A55F267C220F5682006685CF /* ProductCell.swift */,
			);
			path = View;
			sourceTree = "<group>";
		};
		A5380DBB220A089E00BAD709 /* Controller */ = {
			isa = PBXGroup;
			children = (
				A5380DA9220A027200BAD709 /* CategoriesViewController.swift */,
			);
			path = Controller;
			sourceTree = "<group>";
		};
		A5380DC1220A0EC000BAD709 /* Services */ = {
			isa = PBXGroup;
			children = (
				A5380DC2220A0ED500BAD709 /* DataService.swift */,
			);
			path = Services;
			sourceTree = "<group>";
		};
/* End PBXGroup section */

/* Begin PBXNativeTarget section */
		A5380DA3220A027100BAD709 /* coder-swag */ = {
			isa = PBXNativeTarget;
			buildConfigurationList = A5380DB6220A027300BAD709 /* Build configuration list for PBXNativeTarget "coder-swag" */;
			buildPhases = (
				A5380DA0220A027100BAD709 /* Sources */,
				A5380DA1220A027100BAD709 /* Frameworks */,
				A5380DA2220A027100BAD709 /* Resources */,
			);
			buildRules = (
			);
			dependencies = (
			);
			name = "coder-swag";
			productName = "coder-swag";
			productReference = A5380DA4220A027200BAD709 /* coder-swag.app */;
			productType = "com.apple.product-type.application";
		};
/* End PBXNativeTarget section */

/* Begin PBXProject section */
		A5380D9C220A027100BAD709 /* Project object */ = {
			isa = PBXProject;
			attributes = {
				LastSwiftUpdateCheck = 1010;
				LastUpgradeCheck = 1010;
				ORGANIZATIONNAME = "Sergey Neupokoev";
				TargetAttributes = {
					A5380DA3220A027100BAD709 = {
						CreatedOnToolsVersion = 10.1;
					};
				};
			};
			buildConfigurationList = A5380D9F220A027100BAD709 /* Build configuration list for PBXProject "coder-swag" */;
			compatibilityVersion = "Xcode 9.3";
			developmentRegion = en;
			hasScannedForEncodings = 0;
			knownRegions = (
				en,
				Base,
			);
			mainGroup = A5380D9B220A027100BAD709;
			productRefGroup = A5380DA5220A027200BAD709 /* Products */;
			projectDirPath = "";
			projectRoot = "";
			targets = (
				A5380DA3220A027100BAD709 /* coder-swag */,
			);
		};
/* End PBXProject section */

/* Begin PBXResourcesBuildPhase section */
		A5380DA2220A027100BAD709 /* Resources */ = {
			isa = PBXResourcesBuildPhase;
			buildActionMask = 2147483647;
			files = (
				A5380DB2220A027300BAD709 /* LaunchScreen.storyboard in Resources */,
				A5380DAF220A027300BAD709 /* Assets.xcassets in Resources */,
				A5380DAD220A027200BAD709 /* Main.storyboard in Resources */,
			);
			runOnlyForDeploymentPostprocessing = 0;
		};
/* End PBXResourcesBuildPhase section */

/* Begin PBXSourcesBuildPhase section */
		A5380DA0220A027100BAD709 /* Sources */ = {
			isa = PBXSourcesBuildPhase;
			buildActionMask = 2147483647;
			files = (
				A5380DAA220A027200BAD709 /* CategoriesViewController.swift in Sources */,
				A5380DBD220A090C00BAD709 /* CategoryCell.swift in Sources */,
				A5380DA8220A027200BAD709 /* AppDelegate.swift in Sources */,
				A5380DC0220A0CB000BAD709 /* Category.swift in Sources */,
				A55F267D220F5682006685CF /* ProductCell.swift in Sources */,
				A5380DC3220A0ED500BAD709 /* DataService.swift in Sources */,
			);
			runOnlyForDeploymentPostprocessing = 0;
		};
/* End PBXSourcesBuildPhase section */

/* Begin PBXVariantGroup section */
		A5380DAB220A027200BAD709 /* Main.storyboard */ = {
			isa = PBXVariantGroup;
			children = (
				A5380DAC220A027200BAD709 /* Base */,
			);
			name = Main.storyboard;
			sourceTree = "<group>";
		};
		A5380DB0220A027300BAD709 /* LaunchScreen.storyboard */ = {
			isa = PBXVariantGroup;
			children = (
				A5380DB1220A027300BAD709 /* Base */,
			);
			name = LaunchScreen.storyboard;
			sourceTree = "<group>";
		};
/* End PBXVariantGroup section */

/* Begin XCBuildConfiguration section */
		A5380DB4220A027300BAD709 /* Debug */ = {
			isa = XCBuildConfiguration;
			buildSettings = {
				ALWAYS_SEARCH_USER_PATHS = NO;
				CLANG_ANALYZER_NONNULL = YES;
				CLANG_ANALYZER_NUMBER_OBJECT_CONVERSION = YES_AGGRESSIVE;
				CLANG_CXX_LANGUAGE_STANDARD = "gnu++14";
				CLANG_CXX_LIBRARY = "libc++";
				CLANG_ENABLE_MODULES = YES;
				CLANG_ENABLE_OBJC_ARC = YES;
				CLANG_ENABLE_OBJC_WEAK = YES;
				CLANG_WARN_BLOCK_CAPTURE_AUTORELEASING = YES;
				CLANG_WARN_BOOL_CONVERSION = YES;
				CLANG_WARN_COMMA = YES;
				CLANG_WARN_CONSTANT_CONVERSION = YES;
				CLANG_WARN_DEPRECATED_OBJC_IMPLEMENTATIONS = YES;
				CLANG_WARN_DIRECT_OBJC_ISA_USAGE = YES_ERROR;
				CLANG_WARN_DOCUMENTATION_COMMENTS = YES;
				CLANG_WARN_EMPTY_BODY = YES;
				CLANG_WARN_ENUM_CONVERSION = YES;
				CLANG_WARN_INFINITE_RECURSION = YES;
				CLANG_WARN_INT_CONVERSION = YES;
				CLANG_WARN_NON_LITERAL_NULL_CONVERSION = YES;
				CLANG_WARN_OBJC_IMPLICIT_RETAIN_SELF = YES;
				CLANG_WARN_OBJC_LITERAL_CONVERSION = YES;
				CLANG_WARN_OBJC_ROOT_CLASS = YES_ERROR;
				CLANG_WARN_RANGE_LOOP_ANALYSIS = YES;
				CLANG_WARN_STRICT_PROTOTYPES = YES;
				CLANG_WARN_SUSPICIOUS_MOVE = YES;
				CLANG_WARN_UNGUARDED_AVAILABILITY = YES_AGGRESSIVE;
				CLANG_WARN_UNREACHABLE_CODE = YES;
				CLANG_WARN__DUPLICATE_METHOD_MATCH = YES;
				CODE_SIGN_IDENTITY = "iPhone Developer";
				COPY_PHASE_STRIP = NO;
				DEBUG_INFORMATION_FORMAT = dwarf;
				ENABLE_STRICT_OBJC_MSGSEND = YES;
				ENABLE_TESTABILITY = YES;
				GCC_C_LANGUAGE_STANDARD = gnu11;
				GCC_DYNAMIC_NO_PIC = NO;
				GCC_NO_COMMON_BLOCKS = YES;
				GCC_OPTIMIZATION_LEVEL = 0;
				GCC_PREPROCESSOR_DEFINITIONS = (
					"DEBUG=1",
					"$(inherited)",
				);
				GCC_WARN_64_TO_32_BIT_CONVERSION = YES;
				GCC_WARN_ABOUT_RETURN_TYPE = YES_ERROR;
				GCC_WARN_UNDECLARED_SELECTOR = YES;
				GCC_WARN_UNINITIALIZED_AUTOS = YES_AGGRESSIVE;
				GCC_WARN_UNUSED_FUNCTION = YES;
				GCC_WARN_UNUSED_VARIABLE = YES;
				IPHONEOS_DEPLOYMENT_TARGET = 12.1;
				MTL_ENABLE_DEBUG_INFO = INCLUDE_SOURCE;
				MTL_FAST_MATH = YES;
				ONLY_ACTIVE_ARCH = YES;
				SDKROOT = iphoneos;
				SWIFT_ACTIVE_COMPILATION_CONDITIONS = DEBUG;
				SWIFT_OPTIMIZATION_LEVEL = "-Onone";
			};
			name = Debug;
		};
		A5380DB5220A027300BAD709 /* Release */ = {
			isa = XCBuildConfiguration;
			buildSettings = {
				ALWAYS_SEARCH_USER_PATHS = NO;
				CLANG_ANALYZER_NONNULL = YES;
				CLANG_ANALYZER_NUMBER_OBJECT_CONVERSION = YES_AGGRESSIVE;
				CLANG_CXX_LANGUAGE_STANDARD = "gnu++14";
				CLANG_CXX_LIBRARY = "libc++";
				CLANG_ENABLE_MODULES = YES;
				CLANG_ENABLE_OBJC_ARC = YES;
				CLANG_ENABLE_OBJC_WEAK = YES;
				CLANG_WARN_BLOCK_CAPTURE_AUTORELEASING = YES;
				CLANG_WARN_BOOL_CONVERSION = YES;
				CLANG_WARN_COMMA = YES;
				CLANG_WARN_CONSTANT_CONVERSION = YES;
				CLANG_WARN_DEPRECATED_OBJC_IMPLEMENTATIONS = YES;
				CLANG_WARN_DIRECT_OBJC_ISA_USAGE = YES_ERROR;
				CLANG_WARN_DOCUMENTATION_COMMENTS = YES;
				CLANG_WARN_EMPTY_BODY = YES;
				CLANG_WARN_ENUM_CONVERSION = YES;
				CLANG_WARN_INFINITE_RECURSION = YES;
				CLANG_WARN_INT_CONVERSION = YES;
				CLANG_WARN_NON_LITERAL_NULL_CONVERSION = YES;
				CLANG_WARN_OBJC_IMPLICIT_RETAIN_SELF = YES;
				CLANG_WARN_OBJC_LITERAL_CONVERSION = YES;
				CLANG_WARN_OBJC_ROOT_CLASS = YES_ERROR;
				CLANG_WARN_RANGE_LOOP_ANALYSIS = YES;
				CLANG_WARN_STRICT_PROTOTYPES = YES;
				CLANG_WARN_SUSPICIOUS_MOVE = YES;
				CLANG_WARN_UNGUARDED_AVAILABILITY = YES_AGGRESSIVE;
				CLANG_WARN_UNREACHABLE_CODE = YES;
				CLANG_WARN__DUPLICATE_METHOD_MATCH = YES;
				CODE_SIGN_IDENTITY = "iPhone Developer";
				COPY_PHASE_STRIP = NO;
				DEBUG_INFORMATION_FORMAT = "dwarf-with-dsym";
				ENABLE_NS_ASSERTIONS = NO;
				ENABLE_STRICT_OBJC_MSGSEND = YES;
				GCC_C_LANGUAGE_STANDARD = gnu11;
				GCC_NO_COMMON_BLOCKS = YES;
				GCC_WARN_64_TO_32_BIT_CONVERSION = YES;
				GCC_WARN_ABOUT_RETURN_TYPE = YES_ERROR;
				GCC_WARN_UNDECLARED_SELECTOR = YES;
				GCC_WARN_UNINITIALIZED_AUTOS = YES_AGGRESSIVE;
				GCC_WARN_UNUSED_FUNCTION = YES;
				GCC_WARN_UNUSED_VARIABLE = YES;
				IPHONEOS_DEPLOYMENT_TARGET = 12.1;
				MTL_ENABLE_DEBUG_INFO = NO;
				MTL_FAST_MATH = YES;
				SDKROOT = iphoneos;
				SWIFT_COMPILATION_MODE = wholemodule;
				SWIFT_OPTIMIZATION_LEVEL = "-O";
				VALIDATE_PRODUCT = YES;
			};
			name = Release;
		};
		A5380DB7220A027300BAD709 /* Debug */ = {
			isa = XCBuildConfiguration;
			buildSettings = {
				ASSETCATALOG_COMPILER_APPICON_NAME = AppIcon;
				CODE_SIGN_STYLE = Automatic;
				DEVELOPMENT_TEAM = 4Y32W65SMG;
				INFOPLIST_FILE = "coder-swag/Info.plist";
				LD_RUNPATH_SEARCH_PATHS = (
					"$(inherited)",
					"@executable_path/Frameworks",
				);
				PRODUCT_BUNDLE_IDENTIFIER = "X3.coder-swag";
				PRODUCT_NAME = "$(TARGET_NAME)";
				SWIFT_VERSION = 4.2;
				TARGETED_DEVICE_FAMILY = "1,2";
			};
			name = Debug;
		};
		A5380DB8220A027300BAD709 /* Release */ = {
			isa = XCBuildConfiguration;
			buildSettings = {
				ASSETCATALOG_COMPILER_APPICON_NAME = AppIcon;
				CODE_SIGN_STYLE = Automatic;
				DEVELOPMENT_TEAM = 4Y32W65SMG;
				INFOPLIST_FILE = "coder-swag/Info.plist";
				LD_RUNPATH_SEARCH_PATHS = (
					"$(inherited)",
					"@executable_path/Frameworks",
				);
				PRODUCT_BUNDLE_IDENTIFIER = "X3.coder-swag";
				PRODUCT_NAME = "$(TARGET_NAME)";
				SWIFT_VERSION = 4.2;
				TARGETED_DEVICE_FAMILY = "1,2";
			};
			name = Release;
		};
/* End XCBuildConfiguration section */

/* Begin XCConfigurationList section */
		A5380D9F220A027100BAD709 /* Build configuration list for PBXProject "coder-swag" */ = {
			isa = XCConfigurationList;
			buildConfigurations = (
				A5380DB4220A027300BAD709 /* Debug */,
				A5380DB5220A027300BAD709 /* Release */,
			);
			defaultConfigurationIsVisible = 0;
			defaultConfigurationName = Release;
		};
		A5380DB6220A027300BAD709 /* Build configuration list for PBXNativeTarget "coder-swag" */ = {
			isa = XCConfigurationList;
			buildConfigurations = (
				A5380DB7220A027300BAD709 /* Debug */,
				A5380DB8220A027300BAD709 /* Release */,
			);
			defaultConfigurationIsVisible = 0;
			defaultConfigurationName = Release;
		};
/* End XCConfigurationList section */
	};
	rootObject = A5380D9C220A027100BAD709 /* Project object */;
}
